// !$*UTF8*$!
{
	archiveVersion = 1;
	classes = {
	};
	objectVersion = 50;
	objects = {

/* Begin PBXBuildFile section */
		32275446224CFCDA0086D204 /* AppDelegate.swift in Sources */ = {isa = PBXBuildFile; fileRef = 32275445224CFCDA0086D204 /* AppDelegate.swift */; };
		3227544B224CFCDA0086D204 /* Main.storyboard in Resources */ = {isa = PBXBuildFile; fileRef = 32275449224CFCDA0086D204 /* Main.storyboard */; };
		3227544D224CFCDE0086D204 /* Assets.xcassets in Resources */ = {isa = PBXBuildFile; fileRef = 3227544C224CFCDE0086D204 /* Assets.xcassets */; };
		32275450224CFCDE0086D204 /* LaunchScreen.storyboard in Resources */ = {isa = PBXBuildFile; fileRef = 3227544E224CFCDE0086D204 /* LaunchScreen.storyboard */; };
		32275458224D08DE0086D204 /* ExploreCollectionViewController.swift in Sources */ = {isa = PBXBuildFile; fileRef = 32275457224D08DE0086D204 /* ExploreCollectionViewController.swift */; };
		3227545A224D08FD0086D204 /* ExplorePhotoCollectionViewCell.swift in Sources */ = {isa = PBXBuildFile; fileRef = 32275459224D08FD0086D204 /* ExplorePhotoCollectionViewCell.swift */; };
		3227545C224D11060086D204 /* FeedTableViewController.swift in Sources */ = {isa = PBXBuildFile; fileRef = 3227545B224D11060086D204 /* FeedTableViewController.swift */; };
		3227545F224D19560086D204 /* HeaderTableViewCell.swift in Sources */ = {isa = PBXBuildFile; fileRef = 3227545D224D19560086D204 /* HeaderTableViewCell.swift */; };
		32275460224D19560086D204 /* HeaderTableViewCell.xib in Resources */ = {isa = PBXBuildFile; fileRef = 3227545E224D19560086D204 /* HeaderTableViewCell.xib */; };
		32275462224D1EB30086D204 /* PhotoTableViewCell.swift in Sources */ = {isa = PBXBuildFile; fileRef = 32275461224D1EB30086D204 /* PhotoTableViewCell.swift */; };
		32275464224D1EE20086D204 /* CommentTableViewCell.swift in Sources */ = {isa = PBXBuildFile; fileRef = 32275463224D1EE20086D204 /* CommentTableViewCell.swift */; };
/* End PBXBuildFile section */

/* Begin PBXFileReference section */
		32275442224CFCDA0086D204 /* TestRESTAPI.app */ = {isa = PBXFileReference; explicitFileType = wrapper.application; includeInIndex = 0; path = TestRESTAPI.app; sourceTree = BUILT_PRODUCTS_DIR; };
		32275445224CFCDA0086D204 /* AppDelegate.swift */ = {isa = PBXFileReference; lastKnownFileType = sourcecode.swift; path = AppDelegate.swift; sourceTree = "<group>"; };
		3227544A224CFCDA0086D204 /* Base */ = {isa = PBXFileReference; lastKnownFileType = file.storyboard; name = Base; path = Base.lproj/Main.storyboard; sourceTree = "<group>"; };
		3227544C224CFCDE0086D204 /* Assets.xcassets */ = {isa = PBXFileReference; lastKnownFileType = folder.assetcatalog; path = Assets.xcassets; sourceTree = "<group>"; };
		3227544F224CFCDE0086D204 /* Base */ = {isa = PBXFileReference; lastKnownFileType = file.storyboard; name = Base; path = Base.lproj/LaunchScreen.storyboard; sourceTree = "<group>"; };
		32275451224CFCDE0086D204 /* Info.plist */ = {isa = PBXFileReference; lastKnownFileType = text.plist.xml; path = Info.plist; sourceTree = "<group>"; };
		32275457224D08DE0086D204 /* ExploreCollectionViewController.swift */ = {isa = PBXFileReference; lastKnownFileType = sourcecode.swift; path = ExploreCollectionViewController.swift; sourceTree = "<group>"; };
		32275459224D08FD0086D204 /* ExplorePhotoCollectionViewCell.swift */ = {isa = PBXFileReference; lastKnownFileType = sourcecode.swift; path = ExplorePhotoCollectionViewCell.swift; sourceTree = "<group>"; };
		3227545B224D11060086D204 /* FeedTableViewController.swift */ = {isa = PBXFileReference; lastKnownFileType = sourcecode.swift; path = FeedTableViewController.swift; sourceTree = "<group>"; };
		3227545D224D19560086D204 /* HeaderTableViewCell.swift */ = {isa = PBXFileReference; lastKnownFileType = sourcecode.swift; path = HeaderTableViewCell.swift; sourceTree = "<group>"; };
		3227545E224D19560086D204 /* HeaderTableViewCell.xib */ = {isa = PBXFileReference; lastKnownFileType = file.xib; path = HeaderTableViewCell.xib; sourceTree = "<group>"; };
		32275461224D1EB30086D204 /* PhotoTableViewCell.swift */ = {isa = PBXFileReference; lastKnownFileType = sourcecode.swift; path = PhotoTableViewCell.swift; sourceTree = "<group>"; };
		32275463224D1EE20086D204 /* CommentTableViewCell.swift */ = {isa = PBXFileReference; lastKnownFileType = sourcecode.swift; path = CommentTableViewCell.swift; sourceTree = "<group>"; };
/* End PBXFileReference section */

/* Begin PBXFrameworksBuildPhase section */
		3227543F224CFCDA0086D204 /* Frameworks */ = {
			isa = PBXFrameworksBuildPhase;
			buildActionMask = 2147483647;
			files = (
			);
			runOnlyForDeploymentPostprocessing = 0;
		};
/* End PBXFrameworksBuildPhase section */

/* Begin PBXGroup section */
		32275439224CFCDA0086D204 = {
			isa = PBXGroup;
			children = (
				32275444224CFCDA0086D204 /* TestRESTAPI */,
				32275443224CFCDA0086D204 /* Products */,
			);
			sourceTree = "<group>";
		};
		32275443224CFCDA0086D204 /* Products */ = {
			isa = PBXGroup;
			children = (
				32275442224CFCDA0086D204 /* TestRESTAPI.app */,
			);
			name = Products;
			sourceTree = "<group>";
		};
		32275444224CFCDA0086D204 /* TestRESTAPI */ = {
			isa = PBXGroup;
			children = (
				32275445224CFCDA0086D204 /* AppDelegate.swift */,
				32275466224D23050086D204 /* Controller */,
				32275465224D22F80086D204 /* View */,
				3227544C224CFCDE0086D204 /* Assets.xcassets */,
				3227544E224CFCDE0086D204 /* LaunchScreen.storyboard */,
				32275451224CFCDE0086D204 /* Info.plist */,
			);
			path = TestRESTAPI;
			sourceTree = "<group>";
		};
		32275465224D22F80086D204 /* View */ = {
			isa = PBXGroup;
			children = (
				32275459224D08FD0086D204 /* ExplorePhotoCollectionViewCell.swift */,
				3227545D224D19560086D204 /* HeaderTableViewCell.swift */,
				32275461224D1EB30086D204 /* PhotoTableViewCell.swift */,
				32275463224D1EE20086D204 /* CommentTableViewCell.swift */,
				3227545E224D19560086D204 /* HeaderTableViewCell.xib */,
				32275449224CFCDA0086D204 /* Main.storyboard */,
			);
			path = View;
			sourceTree = "<group>";
		};
		32275466224D23050086D204 /* Controller */ = {
			isa = PBXGroup;
			children = (
				32275457224D08DE0086D204 /* ExploreCollectionViewController.swift */,
				3227545B224D11060086D204 /* FeedTableViewController.swift */,
			);
			path = Controller;
			sourceTree = "<group>";
		};
/* End PBXGroup section */

/* Begin PBXNativeTarget section */
		32275441224CFCDA0086D204 /* TestRESTAPI */ = {
			isa = PBXNativeTarget;
			buildConfigurationList = 32275454224CFCDE0086D204 /* Build configuration list for PBXNativeTarget "TestRESTAPI" */;
			buildPhases = (
				3227543E224CFCDA0086D204 /* Sources */,
				3227543F224CFCDA0086D204 /* Frameworks */,
				32275440224CFCDA0086D204 /* Resources */,
			);
			buildRules = (
			);
			dependencies = (
			);
			name = TestRESTAPI;
			productName = TestRESTAPI;
			productReference = 32275442224CFCDA0086D204 /* TestRESTAPI.app */;
			productType = "com.apple.product-type.application";
		};
/* End PBXNativeTarget section */

/* Begin PBXProject section */
		3227543A224CFCDA0086D204 /* Project object */ = {
			isa = PBXProject;
			attributes = {
				LastSwiftUpdateCheck = 1010;
				LastUpgradeCheck = 1010;
				ORGANIZATIONNAME = Dima;
				TargetAttributes = {
					32275441224CFCDA0086D204 = {
						CreatedOnToolsVersion = 10.1;
					};
				};
			};
			buildConfigurationList = 3227543D224CFCDA0086D204 /* Build configuration list for PBXProject "TestRESTAPI" */;
			compatibilityVersion = "Xcode 9.3";
			developmentRegion = en;
			hasScannedForEncodings = 0;
			knownRegions = (
				en,
				Base,
			);
			mainGroup = 32275439224CFCDA0086D204;
			productRefGroup = 32275443224CFCDA0086D204 /* Products */;
			projectDirPath = "";
			projectRoot = "";
			targets = (
				32275441224CFCDA0086D204 /* TestRESTAPI */,
			);
		};
/* End PBXProject section */

/* Begin PBXResourcesBuildPhase section */
		32275440224CFCDA0086D204 /* Resources */ = {
			isa = PBXResourcesBuildPhase;
			buildActionMask = 2147483647;
			files = (
				32275460224D19560086D204 /* HeaderTableViewCell.xib in Resources */,
				32275450224CFCDE0086D204 /* LaunchScreen.storyboard in Resources */,
				3227544D224CFCDE0086D204 /* Assets.xcassets in Resources */,
				3227544B224CFCDA0086D204 /* Main.storyboard in Resources */,
			);
			runOnlyForDeploymentPostprocessing = 0;
		};
/* End PBXResourcesBuildPhase section */

/* Begin PBXSourcesBuildPhase section */
		3227543E224CFCDA0086D204 /* Sources */ = {
			isa = PBXSourcesBuildPhase;
			buildActionMask = 2147483647;
			files = (
				32275446224CFCDA0086D204 /* AppDelegate.swift in Sources */,
				3227545F224D19560086D204 /* HeaderTableViewCell.swift in Sources */,
				32275462224D1EB30086D204 /* PhotoTableViewCell.swift in Sources */,
				32275458224D08DE0086D204 /* ExploreCollectionViewController.swift in Sources */,
				32275464224D1EE20086D204 /* CommentTableViewCell.swift in Sources */,
				3227545A224D08FD0086D204 /* ExplorePhotoCollectionViewCell.swift in Sources */,
				3227545C224D11060086D204 /* FeedTableViewController.swift in Sources */,
			);
			runOnlyForDeploymentPostprocessing = 0;
		};
/* End PBXSourcesBuildPhase section */

/* Begin PBXVariantGroup section */
		32275449224CFCDA0086D204 /* Main.storyboard */ = {
			isa = PBXVariantGroup;
			children = (
				3227544A224CFCDA0086D204 /* Base */,
			);
			name = Main.storyboard;
			sourceTree = "<group>";
		};
		3227544E224CFCDE0086D204 /* LaunchScreen.storyboard */ = {
			isa = PBXVariantGroup;
			children = (
				3227544F224CFCDE0086D204 /* Base */,
			);
			name = LaunchScreen.storyboard;
			sourceTree = "<group>";
		};
/* End PBXVariantGroup section */

/* Begin XCBuildConfiguration section */
		32275452224CFCDE0086D204 /* Debug */ = {
			isa = XCBuildConfiguration;
			buildSettings = {
				ALWAYS_SEARCH_USER_PATHS = NO;
				CLANG_ANALYZER_NONNULL = YES;
				CLANG_ANALYZER_NUMBER_OBJECT_CONVERSION = YES_AGGRESSIVE;
				CLANG_CXX_LANGUAGE_STANDARD = "gnu++14";
				CLANG_CXX_LIBRARY = "libc++";
				CLANG_ENABLE_MODULES = YES;
				CLANG_ENABLE_OBJC_ARC = YES;
				CLANG_ENABLE_OBJC_WEAK = YES;
				CLANG_WARN_BLOCK_CAPTURE_AUTORELEASING = YES;
				CLANG_WARN_BOOL_CONVERSION = YES;
				CLANG_WARN_COMMA = YES;
				CLANG_WARN_CONSTANT_CONVERSION = YES;
				CLANG_WARN_DEPRECATED_OBJC_IMPLEMENTATIONS = YES;
				CLANG_WARN_DIRECT_OBJC_ISA_USAGE = YES_ERROR;
				CLANG_WARN_DOCUMENTATION_COMMENTS = YES;
				CLANG_WARN_EMPTY_BODY = YES;
				CLANG_WARN_ENUM_CONVERSION = YES;
				CLANG_WARN_INFINITE_RECURSION = YES;
				CLANG_WARN_INT_CONVERSION = YES;
				CLANG_WARN_NON_LITERAL_NULL_CONVERSION = YES;
				CLANG_WARN_OBJC_IMPLICIT_RETAIN_SELF = YES;
				CLANG_WARN_OBJC_LITERAL_CONVERSION = YES;
				CLANG_WARN_OBJC_ROOT_CLASS = YES_ERROR;
				CLANG_WARN_RANGE_LOOP_ANALYSIS = YES;
				CLANG_WARN_STRICT_PROTOTYPES = YES;
				CLANG_WARN_SUSPICIOUS_MOVE = YES;
				CLANG_WARN_UNGUARDED_AVAILABILITY = YES_AGGRESSIVE;
				CLANG_WARN_UNREACHABLE_CODE = YES;
				CLANG_WARN__DUPLICATE_METHOD_MATCH = YES;
				CODE_SIGN_IDENTITY = "iPhone Developer";
				COPY_PHASE_STRIP = NO;
				DEBUG_INFORMATION_FORMAT = dwarf;
				ENABLE_STRICT_OBJC_MSGSEND = YES;
				ENABLE_TESTABILITY = YES;
				GCC_C_LANGUAGE_STANDARD = gnu11;
				GCC_DYNAMIC_NO_PIC = NO;
				GCC_NO_COMMON_BLOCKS = YES;
				GCC_OPTIMIZATION_LEVEL = 0;
				GCC_PREPROCESSOR_DEFINITIONS = (
					"DEBUG=1",
					"$(inherited)",
				);
				GCC_WARN_64_TO_32_BIT_CONVERSION = YES;
				GCC_WARN_ABOUT_RETURN_TYPE = YES_ERROR;
				GCC_WARN_UNDECLARED_SELECTOR = YES;
				GCC_WARN_UNINITIALIZED_AUTOS = YES_AGGRESSIVE;
				GCC_WARN_UNUSED_FUNCTION = YES;
				GCC_WARN_UNUSED_VARIABLE = YES;
				IPHONEOS_DEPLOYMENT_TARGET = 12.1;
				MTL_ENABLE_DEBUG_INFO = INCLUDE_SOURCE;
				MTL_FAST_MATH = YES;
				ONLY_ACTIVE_ARCH = YES;
				SDKROOT = iphoneos;
				SWIFT_ACTIVE_COMPILATION_CONDITIONS = DEBUG;
				SWIFT_OPTIMIZATION_LEVEL = "-Onone";
			};
			name = Debug;
		};
		32275453224CFCDE0086D204 /* Release */ = {
			isa = XCBuildConfiguration;
			buildSettings = {
				ALWAYS_SEARCH_USER_PATHS = NO;
				CLANG_ANALYZER_NONNULL = YES;
				CLANG_ANALYZER_NUMBER_OBJECT_CONVERSION = YES_AGGRESSIVE;
				CLANG_CXX_LANGUAGE_STANDARD = "gnu++14";
				CLANG_CXX_LIBRARY = "libc++";
				CLANG_ENABLE_MODULES = YES;
				CLANG_ENABLE_OBJC_ARC = YES;
				CLANG_ENABLE_OBJC_WEAK = YES;
				CLANG_WARN_BLOCK_CAPTURE_AUTORELEASING = YES;
				CLANG_WARN_BOOL_CONVERSION = YES;
				CLANG_WARN_COMMA = YES;
				CLANG_WARN_CONSTANT_CONVERSION = YES;
				CLANG_WARN_DEPRECATED_OBJC_IMPLEMENTATIONS = YES;
				CLANG_WARN_DIRECT_OBJC_ISA_USAGE = YES_ERROR;
				CLANG_WARN_DOCUMENTATION_COMMENTS = YES;
				CLANG_WARN_EMPTY_BODY = YES;
				CLANG_WARN_ENUM_CONVERSION = YES;
				CLANG_WARN_INFINITE_RECURSION = YES;
				CLANG_WARN_INT_CONVERSION = YES;
				CLANG_WARN_NON_LITERAL_NULL_CONVERSION = YES;
				CLANG_WARN_OBJC_IMPLICIT_RETAIN_SELF = YES;
				CLANG_WARN_OBJC_LITERAL_CONVERSION = YES;
				CLANG_WARN_OBJC_ROOT_CLASS = YES_ERROR;
				CLANG_WARN_RANGE_LOOP_ANALYSIS = YES;
				CLANG_WARN_STRICT_PROTOTYPES = YES;
				CLANG_WARN_SUSPICIOUS_MOVE = YES;
				CLANG_WARN_UNGUARDED_AVAILABILITY = YES_AGGRESSIVE;
				CLANG_WARN_UNREACHABLE_CODE = YES;
				CLANG_WARN__DUPLICATE_METHOD_MATCH = YES;
				CODE_SIGN_IDENTITY = "iPhone Developer";
				COPY_PHASE_STRIP = NO;
				DEBUG_INFORMATION_FORMAT = "dwarf-with-dsym";
				ENABLE_NS_ASSERTIONS = NO;
				ENABLE_STRICT_OBJC_MSGSEND = YES;
				GCC_C_LANGUAGE_STANDARD = gnu11;
				GCC_NO_COMMON_BLOCKS = YES;
				GCC_WARN_64_TO_32_BIT_CONVERSION = YES;
				GCC_WARN_ABOUT_RETURN_TYPE = YES_ERROR;
				GCC_WARN_UNDECLARED_SELECTOR = YES;
				GCC_WARN_UNINITIALIZED_AUTOS = YES_AGGRESSIVE;
				GCC_WARN_UNUSED_FUNCTION = YES;
				GCC_WARN_UNUSED_VARIABLE = YES;
				IPHONEOS_DEPLOYMENT_TARGET = 12.1;
				MTL_ENABLE_DEBUG_INFO = NO;
				MTL_FAST_MATH = YES;
				SDKROOT = iphoneos;
				SWIFT_COMPILATION_MODE = wholemodule;
				SWIFT_OPTIMIZATION_LEVEL = "-O";
				VALIDATE_PRODUCT = YES;
			};
			name = Release;
		};
		32275455224CFCDE0086D204 /* Debug */ = {
			isa = XCBuildConfiguration;
			buildSettings = {
				ASSETCATALOG_COMPILER_APPICON_NAME = AppIcon;
				CODE_SIGN_STYLE = Automatic;
				DEVELOPMENT_TEAM = K3HN8YB79D;
				INFOPLIST_FILE = TestRESTAPI/Info.plist;
				LD_RUNPATH_SEARCH_PATHS = (
					"$(inherited)",
					"@executable_path/Frameworks",
				);
				PRODUCT_BUNDLE_IDENTIFIER = Dima.TestRESTAPI;
				PRODUCT_NAME = "$(TARGET_NAME)";
				SWIFT_VERSION = 4.2;
				TARGETED_DEVICE_FAMILY = "1,2";
			};
			name = Debug;
		};
		32275456224CFCDE0086D204 /* Release */ = {
			isa = XCBuildConfiguration;
			buildSettings = {
				ASSETCATALOG_COMPILER_APPICON_NAME = AppIcon;
				CODE_SIGN_STYLE = Automatic;
				DEVELOPMENT_TEAM = K3HN8YB79D;
				INFOPLIST_FILE = TestRESTAPI/Info.plist;
				LD_RUNPATH_SEARCH_PATHS = (
					"$(inherited)",
					"@executable_path/Frameworks",
				);
				PRODUCT_BUNDLE_IDENTIFIER = Dima.TestRESTAPI;
				PRODUCT_NAME = "$(TARGET_NAME)";
				SWIFT_VERSION = 4.2;
				TARGETED_DEVICE_FAMILY = "1,2";
			};
			name = Release;
		};
/* End XCBuildConfiguration section */

/* Begin XCConfigurationList section */
		3227543D224CFCDA0086D204 /* Build configuration list for PBXProject "TestRESTAPI" */ = {
			isa = XCConfigurationList;
			buildConfigurations = (
				32275452224CFCDE0086D204 /* Debug */,
				32275453224CFCDE0086D204 /* Release */,
			);
			defaultConfigurationIsVisible = 0;
			defaultConfigurationName = Release;
		};
		32275454224CFCDE0086D204 /* Build configuration list for PBXNativeTarget "TestRESTAPI" */ = {
			isa = XCConfigurationList;
			buildConfigurations = (
				32275455224CFCDE0086D204 /* Debug */,
				32275456224CFCDE0086D204 /* Release */,
			);
			defaultConfigurationIsVisible = 0;
			defaultConfigurationName = Release;
		};
/* End XCConfigurationList section */
	};
	rootObject = 3227543A224CFCDA0086D204 /* Project object */;
}
